
Microsoft Visual Studio Solution File, Format Version 12.00
# Visual Studio 2013
VisualStudioVersion = 12.0.31101.0
MinimumVisualStudioVersion = 10.0.40219.1
Project("{8BC9CEB8-8B4A-11D0-8D11-00A0C91BC942}") = "Lander", "Lander\Lander.vcxproj", "{BE51A928-C683-4FBD-B3C8-01F47A9E6AD1}"
EndProject
Project("{2150E333-8FDC-42A3-9474-1A3956D46DE8}") = "Solution Items", "Solution Items", "{B4A42A27-E8D7-466D-A518-9B91A2BD95B7}"
	ProjectSection(SolutionItems) = preProject
		..\..\..\lander\lander.cpp = ..\..\..\lander\lander.cpp
		..\..\..\lander\lander.h = ..\..\..\lander\lander.h
		..\..\..\lander\lander_graphics.cpp = ..\..\..\lander\lander_graphics.cpp
	EndProjectSection
EndProject
Global
	GlobalSection(SolutionConfigurationPlatforms) = preSolution
		Debug|Win32 = Debug|Win32
		Release|Win32 = Release|Win32
	EndGlobalSection
	GlobalSection(ProjectConfigurationPlatforms) = postSolution
		{BE51A928-C683-4FBD-B3C8-01F47A9E6AD1}.Debug|Win32.ActiveCfg = Debug|Win32
		{BE51A928-C683-4FBD-B3C8-01F47A9E6AD1}.Debug|Win32.Build.0 = Debug|Win32
		{BE51A928-C683-4FBD-B3C8-01F47A9E6AD1}.Release|Win32.ActiveCfg = Release|Win32
		{BE51A928-C683-4FBD-B3C8-01F47A9E6AD1}.Release|Win32.Build.0 = Release|Win32
	EndGlobalSection
	GlobalSection(SolutionProperties) = preSolution
		HideSolutionNode = FALSE
	EndGlobalSection
EndGlobal
